
Microsoft Visual Studio Solution File, Format Version 12.00
# Visual Studio Version 17
VisualStudioVersion = 17.9.34902.65
MinimumVisualStudioVersion = 10.0.40219.1
Project("{9A19103F-16F7-4668-BE54-9A1E7A4F7556}") = "PetSpaManagementWeb", "PetSpaManagementWeb\PetSpaManagementWeb.csproj", "{8CD7CD97-7685-4B1B-89EF-0B87818B70D9}"
EndProject
Project("{9A19103F-16F7-4668-BE54-9A1E7A4F7556}") = "Domain", "Domain\Domain.csproj", "{00106FA2-146F-4F0A-9AB6-4994F45418C0}"
EndProject
Project("{9A19103F-16F7-4668-BE54-9A1E7A4F7556}") = "ServiceLayer", "Application\ServiceLayer.csproj", "{72ED1A8E-3F51-4999-BD23-E332CEE41A4A}"
EndProject
Project("{9A19103F-16F7-4668-BE54-9A1E7A4F7556}") = "RepositoryLayer", "Infrastructure\RepositoryLayer.csproj", "{3493A07B-CD95-4EED-8964-6DA66D93D4D8}"
EndProject
Global
	GlobalSection(SolutionConfigurationPlatforms) = preSolution
		Debug|Any CPU = Debug|Any CPU
		Release|Any CPU = Release|Any CPU
	EndGlobalSection
	GlobalSection(ProjectConfigurationPlatforms) = postSolution
		{8CD7CD97-7685-4B1B-89EF-0B87818B70D9}.Debug|Any CPU.ActiveCfg = Debug|Any CPU
		{8CD7CD97-7685-4B1B-89EF-0B87818B70D9}.Debug|Any CPU.Build.0 = Debug|Any CPU
		{8CD7CD97-7685-4B1B-89EF-0B87818B70D9}.Release|Any CPU.ActiveCfg = Release|Any CPU
		{8CD7CD97-7685-4B1B-89EF-0B87818B70D9}.Release|Any CPU.Build.0 = Release|Any CPU
		{00106FA2-146F-4F0A-9AB6-4994F45418C0}.Debug|Any CPU.ActiveCfg = Debug|Any CPU
		{00106FA2-146F-4F0A-9AB6-4994F45418C0}.Debug|Any CPU.Build.0 = Debug|Any CPU
		{00106FA2-146F-4F0A-9AB6-4994F45418C0}.Release|Any CPU.ActiveCfg = Release|Any CPU
		{00106FA2-146F-4F0A-9AB6-4994F45418C0}.Release|Any CPU.Build.0 = Release|Any CPU
		{72ED1A8E-3F51-4999-BD23-E332CEE41A4A}.Debug|Any CPU.ActiveCfg = Debug|Any CPU
		{72ED1A8E-3F51-4999-BD23-E332CEE41A4A}.Debug|Any CPU.Build.0 = Debug|Any CPU
		{72ED1A8E-3F51-4999-BD23-E332CEE41A4A}.Release|Any CPU.ActiveCfg = Release|Any CPU
		{72ED1A8E-3F51-4999-BD23-E332CEE41A4A}.Release|Any CPU.Build.0 = Release|Any CPU
		{3493A07B-CD95-4EED-8964-6DA66D93D4D8}.Debug|Any CPU.ActiveCfg = Debug|Any CPU
		{3493A07B-CD95-4EED-8964-6DA66D93D4D8}.Debug|Any CPU.Build.0 = Debug|Any CPU
		{3493A07B-CD95-4EED-8964-6DA66D93D4D8}.Release|Any CPU.ActiveCfg = Release|Any CPU
		{3493A07B-CD95-4EED-8964-6DA66D93D4D8}.Release|Any CPU.Build.0 = Release|Any CPU
	EndGlobalSection
	GlobalSection(SolutionProperties) = preSolution
		HideSolutionNode = FALSE
	EndGlobalSection
	GlobalSection(ExtensibilityGlobals) = postSolution
		SolutionGuid = {00236923-94FB-439F-ABC9-D54B666432D4}
	EndGlobalSection
EndGlobal
